<?xml version="1.0" encoding="UTF-8"?>
<Scheme
   LastUpgradeVersion = "1000"
   version = "1.3">
   <BuildAction
      parallelizeBuildables = "YES"
      buildImplicitDependencies = "YES">
      <BuildActionEntries>
         <BuildActionEntry
            buildForTesting = "YES"
            buildForRunning = "YES"
            buildForProfiling = "YES"
            buildForArchiving = "YES"
            buildForAnalyzing = "YES">
            <BuildableReference
               BuildableIdentifier = "primary"
               BlueprintIdentifier = "613C3F40204A09E7007D44A8"
               BuildableName = "GTXiLib.framework"
               BlueprintName = "GTXiLib"
               ReferencedContainer = "container:GTXiLib.xcodeproj">
            </BuildableReference>
         </BuildActionEntry>
         <BuildActionEntry
            buildForTesting = "YES"
            buildForRunning = "NO"
            buildForProfiling = "NO"
            buildForArchiving = "NO"
            buildForAnalyzing = "NO">
            <BuildableReference
               BuildableIdentifier = "primary"
               BlueprintIdentifier = "61284DDF211E442700F8FF29"
               BuildableName = "FunctionalTests.xctest"
               BlueprintName = "FunctionalTests"
               ReferencedContainer = "container:GTXiLib.xcodeproj">
            </BuildableReference>
         </BuildActionEntry>
         <BuildActionEntry
            buildForTesting = "YES"
            buildForRunning = "NO"
            buildForProfiling = "NO"
            buildForArchiving = "NO"
            buildForAnalyzing = "NO">
            <BuildableReference
               BuildableIdentifier = "primary"
               BlueprintIdentifier = "616FE01025BF4E8600CCCAD5"
               BuildableName = "GTXOOPFunctionalTests.xctest"
               BlueprintName = "GTXOOPFunctionalTests"
               ReferencedContainer = "container:GTXiLib.xcodeproj">
            </BuildableReference>
         </BuildActionEntry>
         <BuildActionEntry
            buildForTesting = "YES"
            buildForRunning = "NO"
            buildForProfiling = "NO"
            buildForArchiving = "NO"
            buildForAnalyzing = "NO">
            <BuildableReference
               BuildableIdentifier = "primary"
               BlueprintIdentifier = "616FDFA325BF4CFE00CCCAD5"
               BuildableName = "GTXOOPIntegrationTests.xctest"
               BlueprintName = "GTXOOPIntegrationTests"
               ReferencedContainer = "container:GTXiLib.xcodeproj">
            </BuildableReference>
         </BuildActionEntry>
         <BuildActionEntry
            buildForTesting = "YES"
            buildForRunning = "NO"
            buildForProfiling = "NO"
            buildForArchiving = "NO"
            buildForAnalyzing = "NO">
            <BuildableReference
               BuildableIdentifier = "primary"
               BlueprintIdentifier = "616FE02525BF4E9A00CCCAD5"
               BuildableName = "GTXOOPUnitTests.xctest"
               BlueprintName = "GTXOOPUnitTests"
               ReferencedContainer = "container:GTXiLib.xcodeproj">
            </BuildableReference>
         </BuildActionEntry>
      </BuildActionEntries>
   </BuildAction>
   <TestAction
      buildConfiguration = "Debug"
      selectedDebuggerIdentifier = "Xcode.DebuggerFoundation.Debugger.LLDB"
      selectedLauncherIdentifier = "Xcode.DebuggerFoundation.Launcher.LLDB"
      shouldUseLaunchSchemeArgsEnv = "YES">
      <MacroExpansion>
         <BuildableReference
            BuildableIdentifier = "primary"
            BlueprintIdentifier = "613C3F40204A09E7007D44A8"
            BuildableName = "GTXiLib.framework"
            BlueprintName = "GTXiLib"
            ReferencedContainer = "container:GTXiLib.xcodeproj">
         </BuildableReference>
      </MacroExpansion>
      <Testables>
         <TestableReference
            skipped = "NO">
            <BuildableReference
               BuildableIdentifier = "primary"
               BlueprintIdentifier = "6115E785204F5BA2003E32F9"
               BuildableName = "GTXiUnitTests.xctest"
               BlueprintName = "GTXiUnitTests"
               ReferencedContainer = "container:GTXiLib.xcodeproj">
            </BuildableReference>
         </TestableReference>
         <TestableReference
            skipped = "NO">
            <BuildableReference
               BuildableIdentifier = "primary"
               BlueprintIdentifier = "61284DDF211E442700F8FF29"
               BuildableName = "FunctionalTests.xctest"
               BlueprintName = "FunctionalTests"
               ReferencedContainer = "container:GTXiLib.xcodeproj">
            </BuildableReference>
         </TestableReference>
         <TestableReference
            skipped = "NO">
            <BuildableReference
               BuildableIdentifier = "primary"
               BlueprintIdentifier = "616FE01025BF4E8600CCCAD5"
               BuildableName = "GTXOOPFunctionalTests.xctest"
               BlueprintName = "GTXOOPFunctionalTests"
               ReferencedContainer = "container:GTXiLib.xcodeproj">
            </BuildableReference>
         </TestableReference>
         <TestableReference
            skipped = "NO">
            <BuildableReference
               BuildableIdentifier = "primary"
               BlueprintIdentifier = "616FDFA325BF4CFE00CCCAD5"
               BuildableName = "GTXOOPIntegrationTests.xctest"
               BlueprintName = "GTXOOPIntegrationTests"
               ReferencedContainer = "container:GTXiLib.xcodeproj">
            </BuildableReference>
         </TestableReference>
         <TestableReference
            skipped = "NO">
            <BuildableReference
               BuildableIdentifier = "primary"
               BlueprintIdentifier = "616FE02525BF4E9A00CCCAD5"
               BuildableName = "GTXOOPUnitTests.xctest"
               BlueprintName = "GTXOOPUnitTests"
               ReferencedContainer = "container:GTXiLib.xcodeproj">
            </BuildableReference>
         </TestableReference>
      </Testables>
   </TestAction>
   <LaunchAction
      buildConfiguration = "Debug"
      selectedDebuggerIdentifier = "Xcode.DebuggerFoundation.Debugger.LLDB"
      selectedLauncherIdentifier = "Xcode.DebuggerFoundation.Launcher.LLDB"
      launchStyle = "0"
      useCustomWorkingDirectory = "NO"
      ignoresPersistentStateOnLaunch = "NO"
      debugDocumentVersioning = "YES"
      debugServiceExtension = "internal"
      allowLocationSimulation = "YES">
      <MacroExpansion>
         <BuildableReference
            BuildableIdentifier = "primary"
            BlueprintIdentifier = "613C3F40204A09E7007D44A8"
            BuildableName = "GTXiLib.framework"
            BlueprintName = "GTXiLib"
            ReferencedContainer = "container:GTXiLib.xcodeproj">
         </BuildableReference>
      </MacroExpansion>
   </LaunchAction>
   <ProfileAction
      buildConfiguration = "Release"
      shouldUseLaunchSchemeArgsEnv = "YES"
      savedToolIdentifier = ""
      useCustomWorkingDirectory = "NO"
      debugDocumentVersioning = "YES">
      <MacroExpansion>
         <BuildableReference
            BuildableIdentifier = "primary"
            BlueprintIdentifier = "613C3F40204A09E7007D44A8"
            BuildableName = "GTXiLib.framework"
            BlueprintName = "GTXiLib"
            ReferencedContainer = "container:GTXiLib.xcodeproj">
         </BuildableReference>
      </MacroExpansion>
   </ProfileAction>
   <AnalyzeAction
      buildConfiguration = "Debug">
   </AnalyzeAction>
   <ArchiveAction
      buildConfiguration = "Release"
      revealArchiveInOrganizer = "YES">
   </ArchiveAction>
</Scheme>
